
Microsoft Visual Studio Solution File, Format Version 12.00
Project("{FAE04EC0-301F-11D3-BF4B-00C04F79EFBC}") = "Showdown4", "Showdown4.csproj", "{752FC4C0-70EB-4EF4-AB07-76D87A12D0D0}"
EndProject
Global
	GlobalSection(SolutionConfigurationPlatforms) = preSolution
		Debug|Any CPU = Debug|Any CPU
		Release|Any CPU = Release|Any CPU
	EndGlobalSection
	GlobalSection(ProjectConfigurationPlatforms) = postSolution
		{752FC4C0-70EB-4EF4-AB07-76D87A12D0D0}.Debug|Any CPU.ActiveCfg = Debug|Any CPU
		{752FC4C0-70EB-4EF4-AB07-76D87A12D0D0}.Debug|Any CPU.Build.0 = Debug|Any CPU
		{752FC4C0-70EB-4EF4-AB07-76D87A12D0D0}.Release|Any CPU.ActiveCfg = Release|Any CPU
		{752FC4C0-70EB-4EF4-AB07-76D87A12D0D0}.Release|Any CPU.Build.0 = Release|Any CPU
	EndGlobalSection
EndGlobal
